
Microsoft Visual Studio Solution File, Format Version 12.00
# Visual Studio Version 16
VisualStudioVersion = 16.0.29102.190
MinimumVisualStudioVersion = 10.0.40219.1
Project("{FAE04EC0-301F-11D3-BF4B-00C04F79EFBC}") = "IntroToOO", "IntroToOO.csproj", "{19013D1B-B009-4949-AEE1-32CFD9B52A61}"
EndProject
Project("{FAE04EC0-301F-11D3-BF4B-00C04F79EFBC}") = "UnitTests", "..\UnitTests\UnitTests.csproj", "{70BC7B7A-6845-4DA3-BAAD-42705CF5988B}"
EndProject
Global
	GlobalSection(SolutionConfigurationPlatforms) = preSolution
		Debug|Any CPU = Debug|Any CPU
		Release|Any CPU = Release|Any CPU
	EndGlobalSection
	GlobalSection(ProjectConfigurationPlatforms) = postSolution
		{19013D1B-B009-4949-AEE1-32CFD9B52A61}.Debug|Any CPU.ActiveCfg = Debug|Any CPU
		{19013D1B-B009-4949-AEE1-32CFD9B52A61}.Debug|Any CPU.Build.0 = Debug|Any CPU
		{19013D1B-B009-4949-AEE1-32CFD9B52A61}.Release|Any CPU.ActiveCfg = Release|Any CPU
		{19013D1B-B009-4949-AEE1-32CFD9B52A61}.Release|Any CPU.Build.0 = Release|Any CPU
		{70BC7B7A-6845-4DA3-BAAD-42705CF5988B}.Debug|Any CPU.ActiveCfg = Debug|Any CPU
		{70BC7B7A-6845-4DA3-BAAD-42705CF5988B}.Debug|Any CPU.Build.0 = Debug|Any CPU
		{70BC7B7A-6845-4DA3-BAAD-42705CF5988B}.Release|Any CPU.ActiveCfg = Release|Any CPU
		{70BC7B7A-6845-4DA3-BAAD-42705CF5988B}.Release|Any CPU.Build.0 = Release|Any CPU
	EndGlobalSection
	GlobalSection(SolutionProperties) = preSolution
		HideSolutionNode = FALSE
	EndGlobalSection
	GlobalSection(ExtensibilityGlobals) = postSolution
		SolutionGuid = {E79C0172-A3B8-4B5A-AA31-DE80AC23A647}
	EndGlobalSection
EndGlobal
